lockfileVersion: '9.0'

settings:
  autoInstallPeers: true
  excludeLinksFromLockfile: false

importers:

  .:
    dependencies:
      meshoptimizer:
        specifier: 1.3.0
        version: 1.3.0

packages:

  meshoptimizer@1.3.0:
    resolution: {integrity: sha512-2oZqMAcEEiCtXWUjIGtZ71oPx1B0ZxYGTqIKsXB1wzWFhleNsCFxQuUJzgCV706bRcwPWtMGf1odmQvAcqKkIw==}

snapshots:

  meshoptimizer@1.3.0: {}
